// !$*UTF8*$!
{
	archiveVersion = 1;
	classes = {
	};
	objectVersion = 54;
	objects = {

/* Begin PBXBuildFile section */
		00E356F31AD99517003FC87E /* AirBlinkTaskTests.m in Sources */ = {isa = PBXBuildFile; fileRef = 00E356F21AD99517003FC87E /* AirBlinkTaskTests.m */; };
		13B07FBC1A68108700A75B9A /* AppDelegate.m in Sources */ = {isa = PBXBuildFile; fileRef = 13B07FB01A68108700A75B9A /* AppDelegate.m */; };
		13B07FBF1A68108700A75B9A /* Images.xcassets in Resources */ = {isa = PBXBuildFile; fileRef = 13B07FB51A68108700A75B9A /* Images.xcassets */; };
		13B07FC11A68108700A75B9A /* main.m in Sources */ = {isa = PBXBuildFile; fileRef = 13B07FB71A68108700A75B9A /* main.m */; };
		81AB9BB82411601600AC10FF /* LaunchScreen.storyboard in Resources */ = {isa = PBXBuildFile; fileRef = 81AB9BB72411601600AC10FF /* LaunchScreen.storyboard */; };
		71BB3B53ABE344588AE65CC9 /* Poppins-Black.ttf in Resources */ = {isa = PBXBuildFile; fileRef = 3647C91B8943428FB13CB85F /* Poppins-Black.ttf */; };
		BF32101D177B418E83F9FF02 /* Poppins-BlackItalic.ttf in Resources */ = {isa = PBXBuildFile; fileRef = 497E9D24BD924F0CABD8459B /* Poppins-BlackItalic.ttf */; };
		9E9BA61818334A23AD813D17 /* Poppins-Bold.ttf in Resources */ = {isa = PBXBuildFile; fileRef = AFDB04FB43814FEFB2AEA544 /* Poppins-Bold.ttf */; };
		2A0C0E2ED81842EBA7AC37B6 /* Poppins-BoldItalic.ttf in Resources */ = {isa = PBXBuildFile; fileRef = 5C87C52A0ADB451B8BF20E22 /* Poppins-BoldItalic.ttf */; };
		2D1D41FA8F7C4A5CBC80FEC2 /* Poppins-ExtraBold.ttf in Resources */ = {isa = PBXBuildFile; fileRef = CE2BEB9FA9034E4F8D5B962E /* Poppins-ExtraBold.ttf */; };
		7E12A8D411174653A79B5F8B /* Poppins-ExtraBoldItalic.ttf in Resources */ = {isa = PBXBuildFile; fileRef = CE625126C304443D97D6A197 /* Poppins-ExtraBoldItalic.ttf */; };
		37E93E4BC194476799939070 /* Poppins-ExtraLight.ttf in Resources */ = {isa = PBXBuildFile; fileRef = F9E14F129357444F9118FBA8 /* Poppins-ExtraLight.ttf */; };
		3C314AEDB17E47C69B019DB9 /* Poppins-ExtraLightItalic.ttf in Resources */ = {isa = PBXBuildFile; fileRef = 33D42C5D675A46C2939154D1 /* Poppins-ExtraLightItalic.ttf */; };
		AE4393E4666F4909A30E1657 /* Poppins-Italic.ttf in Resources */ = {isa = PBXBuildFile; fileRef = C10452A1C36743FEB26AF836 /* Poppins-Italic.ttf */; };
		07FF6881B98C4DBFB5117671 /* Poppins-Light.ttf in Resources */ = {isa = PBXBuildFile; fileRef = 6827B99E65A343E9A3C3830D /* Poppins-Light.ttf */; };
		82CD7BC66A264428B9DB8F23 /* Poppins-LightItalic.ttf in Resources */ = {isa = PBXBuildFile; fileRef = 7C9547DFEFBD49EAB76EC8C1 /* Poppins-LightItalic.ttf */; };
		C8CE14300746443FA883F872 /* Poppins-Medium.ttf in Resources */ = {isa = PBXBuildFile; fileRef = A6B1B7DC2FCF47E89F4542C2 /* Poppins-Medium.ttf */; };
		A455B68716AA4677B1CA6527 /* Poppins-MediumItalic.ttf in Resources */ = {isa = PBXBuildFile; fileRef = DC11B9D5FD6F418286C69526 /* Poppins-MediumItalic.ttf */; };
		B6C22EF7D358443B9AB13452 /* Poppins-Regular.ttf in Resources */ = {isa = PBXBuildFile; fileRef = A6F820637CEA45CE9076BC58 /* Poppins-Regular.ttf */; };
		250689D3059042C29D04A0A3 /* Poppins-SemiBold.ttf in Resources */ = {isa = PBXBuildFile; fileRef = 3EA5257AB9DE47A0B24FB506 /* Poppins-SemiBold.ttf */; };
		BDEF64E233D84BA49AC0D6E8 /* Poppins-SemiBoldItalic.ttf in Resources */ = {isa = PBXBuildFile; fileRef = 7578FCF89CC84D068B0D624F /* Poppins-SemiBoldItalic.ttf */; };
		5272B655F5904819A4F7E0D3 /* Poppins-Thin.ttf in Resources */ = {isa = PBXBuildFile; fileRef = DAF954CDB6A3460F8CE83A20 /* Poppins-Thin.ttf */; };
		2622ABA2624943168879F62C /* Poppins-ThinItalic.ttf in Resources */ = {isa = PBXBuildFile; fileRef = A3BFE215095F4DD9877E649D /* Poppins-ThinItalic.ttf */; };
		D72491F4FEC8440389A8630D /* SF-Pro-Text-Bold.otf in Resources */ = {isa = PBXBuildFile; fileRef = 92F97B69010948CDBDA42E6A /* SF-Pro-Text-Bold.otf */; };
		56D2DDB460224375899247DD /* SF-Pro-Text-Heavy.otf in Resources */ = {isa = PBXBuildFile; fileRef = B10D7752443A4B63925FCBB7 /* SF-Pro-Text-Heavy.otf */; };
		BD2057DEA0C143F680FBFDF1 /* SF-Pro-Text-Light.otf in Resources */ = {isa = PBXBuildFile; fileRef = F6EAAA1D8D794E0B870312E9 /* SF-Pro-Text-Light.otf */; };
		5BCB655AC0824935937DC7C3 /* SF-Pro-Text-Medium.otf in Resources */ = {isa = PBXBuildFile; fileRef = F3664F0AFD094633902C81E1 /* SF-Pro-Text-Medium.otf */; };
		B99CDF24B1CF436F84BC80ED /* SF-Pro-Text-Regular.otf in Resources */ = {isa = PBXBuildFile; fileRef = 8ECBDB058ABB450DA7FE9645 /* SF-Pro-Text-Regular.otf */; };
		F2934EBE7045498A89A39DEF /* SF-Pro-Text-Semibold.otf in Resources */ = {isa = PBXBuildFile; fileRef = 77819794E79D41A69AA3E622 /* SF-Pro-Text-Semibold.otf */; };
		941CC49C01CF40DFBE9782DB /* SFProDisplay-Black_1.ttf in Resources */ = {isa = PBXBuildFile; fileRef = 3EE81B5249984467B5129E1B /* SFProDisplay-Black_1.ttf */; };
		92A53A2F14724F9CA4AE79B2 /* SFProDisplay-Bold_1.ttf in Resources */ = {isa = PBXBuildFile; fileRef = D6C95CD5B71E4D8983C9E08C /* SFProDisplay-Bold_1.ttf */; };
		B482AEA555E04083B063EEBE /* SFProDisplay-Heavy_1.ttf in Resources */ = {isa = PBXBuildFile; fileRef = E2A91718562B4D62B4B86FF6 /* SFProDisplay-Heavy_1.ttf */; };
		D0FCFF6D973D4F05BCA6FFD1 /* SFProDisplay-Light_1.ttf in Resources */ = {isa = PBXBuildFile; fileRef = FBD2AA840D724CA1A56E4473 /* SFProDisplay-Light_1.ttf */; };
		5850E5A661434259AA6BC4A5 /* SFProDisplay-Medium_1.ttf in Resources */ = {isa = PBXBuildFile; fileRef = 224E2130E6DD48B383F03663 /* SFProDisplay-Medium_1.ttf */; };
		C531780F71E24209958503B9 /* SFProDisplay-Regular_1.ttf in Resources */ = {isa = PBXBuildFile; fileRef = 2E03E4D2F9664BF7AC5B02E3 /* SFProDisplay-Regular_1.ttf */; };
		D5218F53D9424043963B4843 /* SFProDisplay-Semibold_3.ttf in Resources */ = {isa = PBXBuildFile; fileRef = 1728245CE9F845CEB176226F /* SFProDisplay-Semibold_3.ttf */; };
		DD5BBF0711CB4E3887BFA55B /* SFProDisplay-Thin_1.ttf in Resources */ = {isa = PBXBuildFile; fileRef = 62C283C51C9947F7B5512959 /* SFProDisplay-Thin_1.ttf */; };
		DC4C8A166B044F3BA10E7215 /* SFProDisplay-Ultralight_1.ttf in Resources */ = {isa = PBXBuildFile; fileRef = C96EB85A95724772A90A2472 /* SFProDisplay-Ultralight_1.ttf */; };
		F410AD74211040C0A200377A /* SourceSansPro-Black.ttf in Resources */ = {isa = PBXBuildFile; fileRef = 7625BA9C60D04B6AA1186D79 /* SourceSansPro-Black.ttf */; };
		471A601F0BC64130B2625C5B /* SourceSansPro-BlackItalic.ttf in Resources */ = {isa = PBXBuildFile; fileRef = 2501C27DA13B48F5A93C2184 /* SourceSansPro-BlackItalic.ttf */; };
		4F6D95A49ADC4A83B6D19797 /* SourceSansPro-Bold.ttf in Resources */ = {isa = PBXBuildFile; fileRef = 9B705B4BD9894947B6546178 /* SourceSansPro-Bold.ttf */; };
		40D5189C0AF24C199693DA18 /* SourceSansPro-BoldItalic.ttf in Resources */ = {isa = PBXBuildFile; fileRef = A690BC16B6CD46B7B87F011E /* SourceSansPro-BoldItalic.ttf */; };
		6C07C9E975894E659DB78A93 /* SourceSansPro-ExtraLight.ttf in Resources */ = {isa = PBXBuildFile; fileRef = 75860242867A4547A17B4972 /* SourceSansPro-ExtraLight.ttf */; };
		BAC4E248E10F4EAEBC32785D /* SourceSansPro-ExtraLightItalic.ttf in Resources */ = {isa = PBXBuildFile; fileRef = AB8D48D428AE4598B1D94CD2 /* SourceSansPro-ExtraLightItalic.ttf */; };
		994B1CF55BC445B1AE8F542B /* SourceSansPro-Italic.ttf in Resources */ = {isa = PBXBuildFile; fileRef = 5C3A96E669B54828B7271EDE /* SourceSansPro-Italic.ttf */; };
		1337B84C12244D05B94E2936 /* SourceSansPro-Light.ttf in Resources */ = {isa = PBXBuildFile; fileRef = 5E3037C9FCA24ED181B53287 /* SourceSansPro-Light.ttf */; };
		6FC6DEACD9714AD792175DCA /* SourceSansPro-LightItalic.ttf in Resources */ = {isa = PBXBuildFile; fileRef = 67FDE43E7E374CD5BC0ACECC /* SourceSansPro-LightItalic.ttf */; };
		33E830D128E644ED9E353BCB /* SourceSansPro-Regular.ttf in Resources */ = {isa = PBXBuildFile; fileRef = 35D40E7041854061BD7B0536 /* SourceSansPro-Regular.ttf */; };
		04E854F20646422E8DF354F3 /* SourceSansPro-SemiBold.ttf in Resources */ = {isa = PBXBuildFile; fileRef = 5F30E9A216F34584BA09E4A0 /* SourceSansPro-SemiBold.ttf */; };
		C115BBCD431F468F8E5F4125 /* SourceSansPro-SemiBoldItalic.ttf in Resources */ = {isa = PBXBuildFile; fileRef = 80C9C1B1806242008FA50EB5 /* SourceSansPro-SemiBoldItalic.ttf */; };
/* End PBXBuildFile section */

/* Begin PBXContainerItemProxy section */
		00E356F41AD99517003FC87E /* PBXContainerItemProxy */ = {
			isa = PBXContainerItemProxy;
			containerPortal = 83CBB9F71A601CBA00E9B192 /* Project object */;
			proxyType = 1;
			remoteGlobalIDString = 13B07F861A680F5B00A75B9A;
			remoteInfo = AirBlinkTask;
		};
/* End PBXContainerItemProxy section */

/* Begin PBXFileReference section */
		00E356EE1AD99517003FC87E /* AirBlinkTaskTests.xctest */ = {isa = PBXFileReference; explicitFileType = wrapper.cfbundle; includeInIndex = 0; path = AirBlinkTaskTests.xctest; sourceTree = BUILT_PRODUCTS_DIR; };
		00E356F11AD99517003FC87E /* Info.plist */ = {isa = PBXFileReference; lastKnownFileType = text.plist.xml; path = Info.plist; sourceTree = "<group>"; };
		00E356F21AD99517003FC87E /* AirBlinkTaskTests.m */ = {isa = PBXFileReference; lastKnownFileType = sourcecode.c.objc; path = AirBlinkTaskTests.m; sourceTree = "<group>"; };
		13B07F961A680F5B00A75B9A /* AirBlinkTask.app */ = {isa = PBXFileReference; explicitFileType = wrapper.application; includeInIndex = 0; path = AirBlinkTask.app; sourceTree = BUILT_PRODUCTS_DIR; };
		13B07FAF1A68108700A75B9A /* AppDelegate.h */ = {isa = PBXFileReference; fileEncoding = 4; lastKnownFileType = sourcecode.c.h; name = AppDelegate.h; path = AirBlinkTask/AppDelegate.h; sourceTree = "<group>"; };
		13B07FB01A68108700A75B9A /* AppDelegate.m */ = {isa = PBXFileReference; fileEncoding = 4; lastKnownFileType = sourcecode.c.objc; name = AppDelegate.m; path = AirBlinkTask/AppDelegate.m; sourceTree = "<group>"; };
		13B07FB51A68108700A75B9A /* Images.xcassets */ = {isa = PBXFileReference; lastKnownFileType = folder.assetcatalog; name = Images.xcassets; path = AirBlinkTask/Images.xcassets; sourceTree = "<group>"; };
		13B07FB61A68108700A75B9A /* Info.plist */ = {isa = PBXFileReference; fileEncoding = 4; lastKnownFileType = text.plist.xml; name = Info.plist; path = AirBlinkTask/Info.plist; sourceTree = "<group>"; };
		13B07FB71A68108700A75B9A /* main.m */ = {isa = PBXFileReference; fileEncoding = 4; lastKnownFileType = sourcecode.c.objc; name = main.m; path = AirBlinkTask/main.m; sourceTree = "<group>"; };
		81AB9BB72411601600AC10FF /* LaunchScreen.storyboard */ = {isa = PBXFileReference; fileEncoding = 4; lastKnownFileType = file.storyboard; name = LaunchScreen.storyboard; path = AirBlinkTask/LaunchScreen.storyboard; sourceTree = "<group>"; };
		ED297162215061F000B7C4FE /* JavaScriptCore.framework */ = {isa = PBXFileReference; lastKnownFileType = wrapper.framework; name = JavaScriptCore.framework; path = System/Library/Frameworks/JavaScriptCore.framework; sourceTree = SDKROOT; };
		3647C91B8943428FB13CB85F /* Poppins-Black.ttf */ = {isa = PBXFileReference; name = "Poppins-Black.ttf"; path = "../app/assets/fonts/Poppins-Black.ttf"; sourceTree = "<group>"; fileEncoding = undefined; lastKnownFileType = unknown; explicitFileType = undefined; includeInIndex = 0; };
		497E9D24BD924F0CABD8459B /* Poppins-BlackItalic.ttf */ = {isa = PBXFileReference; name = "Poppins-BlackItalic.ttf"; path = "../app/assets/fonts/Poppins-BlackItalic.ttf"; sourceTree = "<group>"; fileEncoding = undefined; lastKnownFileType = unknown; explicitFileType = undefined; includeInIndex = 0; };
		AFDB04FB43814FEFB2AEA544 /* Poppins-Bold.ttf */ = {isa = PBXFileReference; name = "Poppins-Bold.ttf"; path = "../app/assets/fonts/Poppins-Bold.ttf"; sourceTree = "<group>"; fileEncoding = undefined; lastKnownFileType = unknown; explicitFileType = undefined; includeInIndex = 0; };
		5C87C52A0ADB451B8BF20E22 /* Poppins-BoldItalic.ttf */ = {isa = PBXFileReference; name = "Poppins-BoldItalic.ttf"; path = "../app/assets/fonts/Poppins-BoldItalic.ttf"; sourceTree = "<group>"; fileEncoding = undefined; lastKnownFileType = unknown; explicitFileType = undefined; includeInIndex = 0; };
		CE2BEB9FA9034E4F8D5B962E /* Poppins-ExtraBold.ttf */ = {isa = PBXFileReference; name = "Poppins-ExtraBold.ttf"; path = "../app/assets/fonts/Poppins-ExtraBold.ttf"; sourceTree = "<group>"; fileEncoding = undefined; lastKnownFileType = unknown; explicitFileType = undefined; includeInIndex = 0; };
		CE625126C304443D97D6A197 /* Poppins-ExtraBoldItalic.ttf */ = {isa = PBXFileReference; name = "Poppins-ExtraBoldItalic.ttf"; path = "../app/assets/fonts/Poppins-ExtraBoldItalic.ttf"; sourceTree = "<group>"; fileEncoding = undefined; lastKnownFileType = unknown; explicitFileType = undefined; includeInIndex = 0; };
		F9E14F129357444F9118FBA8 /* Poppins-ExtraLight.ttf */ = {isa = PBXFileReference; name = "Poppins-ExtraLight.ttf"; path = "../app/assets/fonts/Poppins-ExtraLight.ttf"; sourceTree = "<group>"; fileEncoding = undefined; lastKnownFileType = unknown; explicitFileType = undefined; includeInIndex = 0; };
		33D42C5D675A46C2939154D1 /* Poppins-ExtraLightItalic.ttf */ = {isa = PBXFileReference; name = "Poppins-ExtraLightItalic.ttf"; path = "../app/assets/fonts/Poppins-ExtraLightItalic.ttf"; sourceTree = "<group>"; fileEncoding = undefined; lastKnownFileType = unknown; explicitFileType = undefined; includeInIndex = 0; };
		C10452A1C36743FEB26AF836 /* Poppins-Italic.ttf */ = {isa = PBXFileReference; name = "Poppins-Italic.ttf"; path = "../app/assets/fonts/Poppins-Italic.ttf"; sourceTree = "<group>"; fileEncoding = undefined; lastKnownFileType = unknown; explicitFileType = undefined; includeInIndex = 0; };
		6827B99E65A343E9A3C3830D /* Poppins-Light.ttf */ = {isa = PBXFileReference; name = "Poppins-Light.ttf"; path = "../app/assets/fonts/Poppins-Light.ttf"; sourceTree = "<group>"; fileEncoding = undefined; lastKnownFileType = unknown; explicitFileType = undefined; includeInIndex = 0; };
		7C9547DFEFBD49EAB76EC8C1 /* Poppins-LightItalic.ttf */ = {isa = PBXFileReference; name = "Poppins-LightItalic.ttf"; path = "../app/assets/fonts/Poppins-LightItalic.ttf"; sourceTree = "<group>"; fileEncoding = undefined; lastKnownFileType = unknown; explicitFileType = undefined; includeInIndex = 0; };
		A6B1B7DC2FCF47E89F4542C2 /* Poppins-Medium.ttf */ = {isa = PBXFileReference; name = "Poppins-Medium.ttf"; path = "../app/assets/fonts/Poppins-Medium.ttf"; sourceTree = "<group>"; fileEncoding = undefined; lastKnownFileType = unknown; explicitFileType = undefined; includeInIndex = 0; };
		DC11B9D5FD6F418286C69526 /* Poppins-MediumItalic.ttf */ = {isa = PBXFileReference; name = "Poppins-MediumItalic.ttf"; path = "../app/assets/fonts/Poppins-MediumItalic.ttf"; sourceTree = "<group>"; fileEncoding = undefined; lastKnownFileType = unknown; explicitFileType = undefined; includeInIndex = 0; };
		A6F820637CEA45CE9076BC58 /* Poppins-Regular.ttf */ = {isa = PBXFileReference; name = "Poppins-Regular.ttf"; path = "../app/assets/fonts/Poppins-Regular.ttf"; sourceTree = "<group>"; fileEncoding = undefined; lastKnownFileType = unknown; explicitFileType = undefined; includeInIndex = 0; };
		3EA5257AB9DE47A0B24FB506 /* Poppins-SemiBold.ttf */ = {isa = PBXFileReference; name = "Poppins-SemiBold.ttf"; path = "../app/assets/fonts/Poppins-SemiBold.ttf"; sourceTree = "<group>"; fileEncoding = undefined; lastKnownFileType = unknown; explicitFileType = undefined; includeInIndex = 0; };
		7578FCF89CC84D068B0D624F /* Poppins-SemiBoldItalic.ttf */ = {isa = PBXFileReference; name = "Poppins-SemiBoldItalic.ttf"; path = "../app/assets/fonts/Poppins-SemiBoldItalic.ttf"; sourceTree = "<group>"; fileEncoding = undefined; lastKnownFileType = unknown; explicitFileType = undefined; includeInIndex = 0; };
		DAF954CDB6A3460F8CE83A20 /* Poppins-Thin.ttf */ = {isa = PBXFileReference; name = "Poppins-Thin.ttf"; path = "../app/assets/fonts/Poppins-Thin.ttf"; sourceTree = "<group>"; fileEncoding = undefined; lastKnownFileType = unknown; explicitFileType = undefined; includeInIndex = 0; };
		A3BFE215095F4DD9877E649D /* Poppins-ThinItalic.ttf */ = {isa = PBXFileReference; name = "Poppins-ThinItalic.ttf"; path = "../app/assets/fonts/Poppins-ThinItalic.ttf"; sourceTree = "<group>"; fileEncoding = undefined; lastKnownFileType = unknown; explicitFileType = undefined; includeInIndex = 0; };
		92F97B69010948CDBDA42E6A /* SF-Pro-Text-Bold.otf */ = {isa = PBXFileReference; name = "SF-Pro-Text-Bold.otf"; path = "../app/assets/fonts/SF-Pro-Text-Bold.otf"; sourceTree = "<group>"; fileEncoding = undefined; lastKnownFileType = unknown; explicitFileType = undefined; includeInIndex = 0; };
		B10D7752443A4B63925FCBB7 /* SF-Pro-Text-Heavy.otf */ = {isa = PBXFileReference; name = "SF-Pro-Text-Heavy.otf"; path = "../app/assets/fonts/SF-Pro-Text-Heavy.otf"; sourceTree = "<group>"; fileEncoding = undefined; lastKnownFileType = unknown; explicitFileType = undefined; includeInIndex = 0; };
		F6EAAA1D8D794E0B870312E9 /* SF-Pro-Text-Light.otf */ = {isa = PBXFileReference; name = "SF-Pro-Text-Light.otf"; path = "../app/assets/fonts/SF-Pro-Text-Light.otf"; sourceTree = "<group>"; fileEncoding = undefined; lastKnownFileType = unknown; explicitFileType = undefined; includeInIndex = 0; };
		F3664F0AFD094633902C81E1 /* SF-Pro-Text-Medium.otf */ = {isa = PBXFileReference; name = "SF-Pro-Text-Medium.otf"; path = "../app/assets/fonts/SF-Pro-Text-Medium.otf"; sourceTree = "<group>"; fileEncoding = undefined; lastKnownFileType = unknown; explicitFileType = undefined; includeInIndex = 0; };
		8ECBDB058ABB450DA7FE9645 /* SF-Pro-Text-Regular.otf */ = {isa = PBXFileReference; name = "SF-Pro-Text-Regular.otf"; path = "../app/assets/fonts/SF-Pro-Text-Regular.otf"; sourceTree = "<group>"; fileEncoding = undefined; lastKnownFileType = unknown; explicitFileType = undefined; includeInIndex = 0; };
		77819794E79D41A69AA3E622 /* SF-Pro-Text-Semibold.otf */ = {isa = PBXFileReference; name = "SF-Pro-Text-Semibold.otf"; path = "../app/assets/fonts/SF-Pro-Text-Semibold.otf"; sourceTree = "<group>"; fileEncoding = undefined; lastKnownFileType = unknown; explicitFileType = undefined; includeInIndex = 0; };
		3EE81B5249984467B5129E1B /* SFProDisplay-Black_1.ttf */ = {isa = PBXFileReference; name = "SFProDisplay-Black_1.ttf"; path = "../app/assets/fonts/SFProDisplay-Black_1.ttf"; sourceTree = "<group>"; fileEncoding = undefined; lastKnownFileType = unknown; explicitFileType = undefined; includeInIndex = 0; };
		D6C95CD5B71E4D8983C9E08C /* SFProDisplay-Bold_1.ttf */ = {isa = PBXFileReference; name = "SFProDisplay-Bold_1.ttf"; path = "../app/assets/fonts/SFProDisplay-Bold_1.ttf"; sourceTree = "<group>"; fileEncoding = undefined; lastKnownFileType = unknown; explicitFileType = undefined; includeInIndex = 0; };
		E2A91718562B4D62B4B86FF6 /* SFProDisplay-Heavy_1.ttf */ = {isa = PBXFileReference; name = "SFProDisplay-Heavy_1.ttf"; path = "../app/assets/fonts/SFProDisplay-Heavy_1.ttf"; sourceTree = "<group>"; fileEncoding = undefined; lastKnownFileType = unknown; explicitFileType = undefined; includeInIndex = 0; };
		FBD2AA840D724CA1A56E4473 /* SFProDisplay-Light_1.ttf */ = {isa = PBXFileReference; name = "SFProDisplay-Light_1.ttf"; path = "../app/assets/fonts/SFProDisplay-Light_1.ttf"; sourceTree = "<group>"; fileEncoding = undefined; lastKnownFileType = unknown; explicitFileType = undefined; includeInIndex = 0; };
		224E2130E6DD48B383F03663 /* SFProDisplay-Medium_1.ttf */ = {isa = PBXFileReference; name = "SFProDisplay-Medium_1.ttf"; path = "../app/assets/fonts/SFProDisplay-Medium_1.ttf"; sourceTree = "<group>"; fileEncoding = undefined; lastKnownFileType = unknown; explicitFileType = undefined; includeInIndex = 0; };
		2E03E4D2F9664BF7AC5B02E3 /* SFProDisplay-Regular_1.ttf */ = {isa = PBXFileReference; name = "SFProDisplay-Regular_1.ttf"; path = "../app/assets/fonts/SFProDisplay-Regular_1.ttf"; sourceTree = "<group>"; fileEncoding = undefined; lastKnownFileType = unknown; explicitFileType = undefined; includeInIndex = 0; };
		1728245CE9F845CEB176226F /* SFProDisplay-Semibold_3.ttf */ = {isa = PBXFileReference; name = "SFProDisplay-Semibold_3.ttf"; path = "../app/assets/fonts/SFProDisplay-Semibold_3.ttf"; sourceTree = "<group>"; fileEncoding = undefined; lastKnownFileType = unknown; explicitFileType = undefined; includeInIndex = 0; };
		62C283C51C9947F7B5512959 /* SFProDisplay-Thin_1.ttf */ = {isa = PBXFileReference; name = "SFProDisplay-Thin_1.ttf"; path = "../app/assets/fonts/SFProDisplay-Thin_1.ttf"; sourceTree = "<group>"; fileEncoding = undefined; lastKnownFileType = unknown; explicitFileType = undefined; includeInIndex = 0; };
		C96EB85A95724772A90A2472 /* SFProDisplay-Ultralight_1.ttf */ = {isa = PBXFileReference; name = "SFProDisplay-Ultralight_1.ttf"; path = "../app/assets/fonts/SFProDisplay-Ultralight_1.ttf"; sourceTree = "<group>"; fileEncoding = undefined; lastKnownFileType = unknown; explicitFileType = undefined; includeInIndex = 0; };
		7625BA9C60D04B6AA1186D79 /* SourceSansPro-Black.ttf */ = {isa = PBXFileReference; name = "SourceSansPro-Black.ttf"; path = "../app/assets/fonts/SourceSansPro-Black.ttf"; sourceTree = "<group>"; fileEncoding = undefined; lastKnownFileType = unknown; explicitFileType = undefined; includeInIndex = 0; };
		2501C27DA13B48F5A93C2184 /* SourceSansPro-BlackItalic.ttf */ = {isa = PBXFileReference; name = "SourceSansPro-BlackItalic.ttf"; path = "../app/assets/fonts/SourceSansPro-BlackItalic.ttf"; sourceTree = "<group>"; fileEncoding = undefined; lastKnownFileType = unknown; explicitFileType = undefined; includeInIndex = 0; };
		9B705B4BD9894947B6546178 /* SourceSansPro-Bold.ttf */ = {isa = PBXFileReference; name = "SourceSansPro-Bold.ttf"; path = "../app/assets/fonts/SourceSansPro-Bold.ttf"; sourceTree = "<group>"; fileEncoding = undefined; lastKnownFileType = unknown; explicitFileType = undefined; includeInIndex = 0; };
		A690BC16B6CD46B7B87F011E /* SourceSansPro-BoldItalic.ttf */ = {isa = PBXFileReference; name = "SourceSansPro-BoldItalic.ttf"; path = "../app/assets/fonts/SourceSansPro-BoldItalic.ttf"; sourceTree = "<group>"; fileEncoding = undefined; lastKnownFileType = unknown; explicitFileType = undefined; includeInIndex = 0; };
		75860242867A4547A17B4972 /* SourceSansPro-ExtraLight.ttf */ = {isa = PBXFileReference; name = "SourceSansPro-ExtraLight.ttf"; path = "../app/assets/fonts/SourceSansPro-ExtraLight.ttf"; sourceTree = "<group>"; fileEncoding = undefined; lastKnownFileType = unknown; explicitFileType = undefined; includeInIndex = 0; };
		AB8D48D428AE4598B1D94CD2 /* SourceSansPro-ExtraLightItalic.ttf */ = {isa = PBXFileReference; name = "SourceSansPro-ExtraLightItalic.ttf"; path = "../app/assets/fonts/SourceSansPro-ExtraLightItalic.ttf"; sourceTree = "<group>"; fileEncoding = undefined; lastKnownFileType = unknown; explicitFileType = undefined; includeInIndex = 0; };
		5C3A96E669B54828B7271EDE /* SourceSansPro-Italic.ttf */ = {isa = PBXFileReference; name = "SourceSansPro-Italic.ttf"; path = "../app/assets/fonts/SourceSansPro-Italic.ttf"; sourceTree = "<group>"; fileEncoding = undefined; lastKnownFileType = unknown; explicitFileType = undefined; includeInIndex = 0; };
		5E3037C9FCA24ED181B53287 /* SourceSansPro-Light.ttf */ = {isa = PBXFileReference; name = "SourceSansPro-Light.ttf"; path = "../app/assets/fonts/SourceSansPro-Light.ttf"; sourceTree = "<group>"; fileEncoding = undefined; lastKnownFileType = unknown; explicitFileType = undefined; includeInIndex = 0; };
		67FDE43E7E374CD5BC0ACECC /* SourceSansPro-LightItalic.ttf */ = {isa = PBXFileReference; name = "SourceSansPro-LightItalic.ttf"; path = "../app/assets/fonts/SourceSansPro-LightItalic.ttf"; sourceTree = "<group>"; fileEncoding = undefined; lastKnownFileType = unknown; explicitFileType = undefined; includeInIndex = 0; };
		35D40E7041854061BD7B0536 /* SourceSansPro-Regular.ttf */ = {isa = PBXFileReference; name = "SourceSansPro-Regular.ttf"; path = "../app/assets/fonts/SourceSansPro-Regular.ttf"; sourceTree = "<group>"; fileEncoding = undefined; lastKnownFileType = unknown; explicitFileType = undefined; includeInIndex = 0; };
		5F30E9A216F34584BA09E4A0 /* SourceSansPro-SemiBold.ttf */ = {isa = PBXFileReference; name = "SourceSansPro-SemiBold.ttf"; path = "../app/assets/fonts/SourceSansPro-SemiBold.ttf"; sourceTree = "<group>"; fileEncoding = undefined; lastKnownFileType = unknown; explicitFileType = undefined; includeInIndex = 0; };
		80C9C1B1806242008FA50EB5 /* SourceSansPro-SemiBoldItalic.ttf */ = {isa = PBXFileReference; name = "SourceSansPro-SemiBoldItalic.ttf"; path = "../app/assets/fonts/SourceSansPro-SemiBoldItalic.ttf"; sourceTree = "<group>"; fileEncoding = undefined; lastKnownFileType = unknown; explicitFileType = undefined; includeInIndex = 0; };
/* End PBXFileReference section */

/* Begin PBXFrameworksBuildPhase section */
		00E356EB1AD99517003FC87E /* Frameworks */ = {
			isa = PBXFrameworksBuildPhase;
			buildActionMask = 2147483647;
			files = (
			);
			runOnlyForDeploymentPostprocessing = 0;
		};
		13B07F8C1A680F5B00A75B9A /* Frameworks */ = {
			isa = PBXFrameworksBuildPhase;
			buildActionMask = 2147483647;
			files = (
			);
			runOnlyForDeploymentPostprocessing = 0;
		};
/* End PBXFrameworksBuildPhase section */

/* Begin PBXGroup section */
		00E356EF1AD99517003FC87E /* AirBlinkTaskTests */ = {
			isa = PBXGroup;
			children = (
				00E356F21AD99517003FC87E /* AirBlinkTaskTests.m */,
				00E356F01AD99517003FC87E /* Supporting Files */,
			);
			path = AirBlinkTaskTests;
			sourceTree = "<group>";
		};
		00E356F01AD99517003FC87E /* Supporting Files */ = {
			isa = PBXGroup;
			children = (
				00E356F11AD99517003FC87E /* Info.plist */,
			);
			name = "Supporting Files";
			sourceTree = "<group>";
		};
		13B07FAE1A68108700A75B9A /* AirBlinkTask */ = {
			isa = PBXGroup;
			children = (
				13B07FAF1A68108700A75B9A /* AppDelegate.h */,
				13B07FB01A68108700A75B9A /* AppDelegate.m */,
				13B07FB51A68108700A75B9A /* Images.xcassets */,
				13B07FB61A68108700A75B9A /* Info.plist */,
				81AB9BB72411601600AC10FF /* LaunchScreen.storyboard */,
				13B07FB71A68108700A75B9A /* main.m */,
			);
			name = AirBlinkTask;
			sourceTree = "<group>";
		};
		2D16E6871FA4F8E400B85C8A /* Frameworks */ = {
			isa = PBXGroup;
			children = (
				ED297162215061F000B7C4FE /* JavaScriptCore.framework */,
			);
			name = Frameworks;
			sourceTree = "<group>";
		};
		832341AE1AAA6A7D00B99B32 /* Libraries */ = {
			isa = PBXGroup;
			children = (
			);
			name = Libraries;
			sourceTree = "<group>";
		};
		83CBB9F61A601CBA00E9B192 = {
			isa = PBXGroup;
			children = (
				13B07FAE1A68108700A75B9A /* AirBlinkTask */,
				832341AE1AAA6A7D00B99B32 /* Libraries */,
				00E356EF1AD99517003FC87E /* AirBlinkTaskTests */,
				83CBBA001A601CBA00E9B192 /* Products */,
				2D16E6871FA4F8E400B85C8A /* Frameworks */,
				40BBC1E3364D44568DA8E1B5 /* Resources */,
			);
			indentWidth = 2;
			sourceTree = "<group>";
			tabWidth = 2;
			usesTabs = 0;
		};
		83CBBA001A601CBA00E9B192 /* Products */ = {
			isa = PBXGroup;
			children = (
				13B07F961A680F5B00A75B9A /* AirBlinkTask.app */,
				00E356EE1AD99517003FC87E /* AirBlinkTaskTests.xctest */,
			);
			name = Products;
			sourceTree = "<group>";
		};
		40BBC1E3364D44568DA8E1B5 /* Resources */ = {
			isa = "PBXGroup";
			children = (
				3647C91B8943428FB13CB85F /* Poppins-Black.ttf */,
				497E9D24BD924F0CABD8459B /* Poppins-BlackItalic.ttf */,
				AFDB04FB43814FEFB2AEA544 /* Poppins-Bold.ttf */,
				5C87C52A0ADB451B8BF20E22 /* Poppins-BoldItalic.ttf */,
				CE2BEB9FA9034E4F8D5B962E /* Poppins-ExtraBold.ttf */,
				CE625126C304443D97D6A197 /* Poppins-ExtraBoldItalic.ttf */,
				F9E14F129357444F9118FBA8 /* Poppins-ExtraLight.ttf */,
				33D42C5D675A46C2939154D1 /* Poppins-ExtraLightItalic.ttf */,
				C10452A1C36743FEB26AF836 /* Poppins-Italic.ttf */,
				6827B99E65A343E9A3C3830D /* Poppins-Light.ttf */,
				7C9547DFEFBD49EAB76EC8C1 /* Poppins-LightItalic.ttf */,
				A6B1B7DC2FCF47E89F4542C2 /* Poppins-Medium.ttf */,
				DC11B9D5FD6F418286C69526 /* Poppins-MediumItalic.ttf */,
				A6F820637CEA45CE9076BC58 /* Poppins-Regular.ttf */,
				3EA5257AB9DE47A0B24FB506 /* Poppins-SemiBold.ttf */,
				7578FCF89CC84D068B0D624F /* Poppins-SemiBoldItalic.ttf */,
				DAF954CDB6A3460F8CE83A20 /* Poppins-Thin.ttf */,
				A3BFE215095F4DD9877E649D /* Poppins-ThinItalic.ttf */,
				92F97B69010948CDBDA42E6A /* SF-Pro-Text-Bold.otf */,
				B10D7752443A4B63925FCBB7 /* SF-Pro-Text-Heavy.otf */,
				F6EAAA1D8D794E0B870312E9 /* SF-Pro-Text-Light.otf */,
				F3664F0AFD094633902C81E1 /* SF-Pro-Text-Medium.otf */,
				8ECBDB058ABB450DA7FE9645 /* SF-Pro-Text-Regular.otf */,
				77819794E79D41A69AA3E622 /* SF-Pro-Text-Semibold.otf */,
				3EE81B5249984467B5129E1B /* SFProDisplay-Black_1.ttf */,
				D6C95CD5B71E4D8983C9E08C /* SFProDisplay-Bold_1.ttf */,
				E2A91718562B4D62B4B86FF6 /* SFProDisplay-Heavy_1.ttf */,
				FBD2AA840D724CA1A56E4473 /* SFProDisplay-Light_1.ttf */,
				224E2130E6DD48B383F03663 /* SFProDisplay-Medium_1.ttf */,
				2E03E4D2F9664BF7AC5B02E3 /* SFProDisplay-Regular_1.ttf */,
				1728245CE9F845CEB176226F /* SFProDisplay-Semibold_3.ttf */,
				62C283C51C9947F7B5512959 /* SFProDisplay-Thin_1.ttf */,
				C96EB85A95724772A90A2472 /* SFProDisplay-Ultralight_1.ttf */,
				7625BA9C60D04B6AA1186D79 /* SourceSansPro-Black.ttf */,
				2501C27DA13B48F5A93C2184 /* SourceSansPro-BlackItalic.ttf */,
				9B705B4BD9894947B6546178 /* SourceSansPro-Bold.ttf */,
				A690BC16B6CD46B7B87F011E /* SourceSansPro-BoldItalic.ttf */,
				75860242867A4547A17B4972 /* SourceSansPro-ExtraLight.ttf */,
				AB8D48D428AE4598B1D94CD2 /* SourceSansPro-ExtraLightItalic.ttf */,
				5C3A96E669B54828B7271EDE /* SourceSansPro-Italic.ttf */,
				5E3037C9FCA24ED181B53287 /* SourceSansPro-Light.ttf */,
				67FDE43E7E374CD5BC0ACECC /* SourceSansPro-LightItalic.ttf */,
				35D40E7041854061BD7B0536 /* SourceSansPro-Regular.ttf */,
				5F30E9A216F34584BA09E4A0 /* SourceSansPro-SemiBold.ttf */,
				80C9C1B1806242008FA50EB5 /* SourceSansPro-SemiBoldItalic.ttf */,
			);
			name = Resources;
			sourceTree = "<group>";
			path = "";
		};
/* End PBXGroup section */

/* Begin PBXNativeTarget section */
		00E356ED1AD99517003FC87E /* AirBlinkTaskTests */ = {
			isa = PBXNativeTarget;
			buildConfigurationList = 00E357021AD99517003FC87E /* Build configuration list for PBXNativeTarget "AirBlinkTaskTests" */;
			buildPhases = (
				00E356EA1AD99517003FC87E /* Sources */,
				00E356EB1AD99517003FC87E /* Frameworks */,
				00E356EC1AD99517003FC87E /* Resources */,
			);
			buildRules = (
			);
			dependencies = (
				00E356F51AD99517003FC87E /* PBXTargetDependency */,
			);
			name = AirBlinkTaskTests;
			productName = AirBlinkTaskTests;
			productReference = 00E356EE1AD99517003FC87E /* AirBlinkTaskTests.xctest */;
			productType = "com.apple.product-type.bundle.unit-test";
		};
		13B07F861A680F5B00A75B9A /* AirBlinkTask */ = {
			isa = PBXNativeTarget;
			buildConfigurationList = 13B07F931A680F5B00A75B9A /* Build configuration list for PBXNativeTarget "AirBlinkTask" */;
			buildPhases = (
				FD10A7F022414F080027D42C /* Start Packager */,
				13B07F871A680F5B00A75B9A /* Sources */,
				13B07F8C1A680F5B00A75B9A /* Frameworks */,
				13B07F8E1A680F5B00A75B9A /* Resources */,
				00DD1BFF1BD5951E006B06BC /* Bundle React Native code and images */,
			);
			buildRules = (
			);
			dependencies = (
			);
			name = AirBlinkTask;
			productName = AirBlinkTask;
			productReference = 13B07F961A680F5B00A75B9A /* AirBlinkTask.app */;
			productType = "com.apple.product-type.application";
		};
/* End PBXNativeTarget section */

/* Begin PBXProject section */
		83CBB9F71A601CBA00E9B192 /* Project object */ = {
			isa = PBXProject;
			attributes = {
				LastUpgradeCheck = 1210;
				TargetAttributes = {
					00E356ED1AD99517003FC87E = {
						CreatedOnToolsVersion = 6.2;
						TestTargetID = 13B07F861A680F5B00A75B9A;
					};
					13B07F861A680F5B00A75B9A = {
						LastSwiftMigration = 1120;
					};
				};
			};
			buildConfigurationList = 83CBB9FA1A601CBA00E9B192 /* Build configuration list for PBXProject "AirBlinkTask" */;
			compatibilityVersion = "Xcode 12.0";
			developmentRegion = en;
			hasScannedForEncodings = 0;
			knownRegions = (
				en,
				Base,
			);
			mainGroup = 83CBB9F61A601CBA00E9B192;
			productRefGroup = 83CBBA001A601CBA00E9B192 /* Products */;
			projectDirPath = "";
			projectRoot = "";
			targets = (
				13B07F861A680F5B00A75B9A /* AirBlinkTask */,
				00E356ED1AD99517003FC87E /* AirBlinkTaskTests */,
			);
		};
/* End PBXProject section */

/* Begin PBXResourcesBuildPhase section */
		00E356EC1AD99517003FC87E /* Resources */ = {
			isa = PBXResourcesBuildPhase;
			buildActionMask = 2147483647;
			files = (
			);
			runOnlyForDeploymentPostprocessing = 0;
		};
		13B07F8E1A680F5B00A75B9A /* Resources */ = {
			isa = PBXResourcesBuildPhase;
			buildActionMask = 2147483647;
			files = (
				81AB9BB82411601600AC10FF /* LaunchScreen.storyboard in Resources */,
				13B07FBF1A68108700A75B9A /* Images.xcassets in Resources */,
				71BB3B53ABE344588AE65CC9 /* Poppins-Black.ttf in Resources */,
				BF32101D177B418E83F9FF02 /* Poppins-BlackItalic.ttf in Resources */,
				9E9BA61818334A23AD813D17 /* Poppins-Bold.ttf in Resources */,
				2A0C0E2ED81842EBA7AC37B6 /* Poppins-BoldItalic.ttf in Resources */,
				2D1D41FA8F7C4A5CBC80FEC2 /* Poppins-ExtraBold.ttf in Resources */,
				7E12A8D411174653A79B5F8B /* Poppins-ExtraBoldItalic.ttf in Resources */,
				37E93E4BC194476799939070 /* Poppins-ExtraLight.ttf in Resources */,
				3C314AEDB17E47C69B019DB9 /* Poppins-ExtraLightItalic.ttf in Resources */,
				AE4393E4666F4909A30E1657 /* Poppins-Italic.ttf in Resources */,
				07FF6881B98C4DBFB5117671 /* Poppins-Light.ttf in Resources */,
				82CD7BC66A264428B9DB8F23 /* Poppins-LightItalic.ttf in Resources */,
				C8CE14300746443FA883F872 /* Poppins-Medium.ttf in Resources */,
				A455B68716AA4677B1CA6527 /* Poppins-MediumItalic.ttf in Resources */,
				B6C22EF7D358443B9AB13452 /* Poppins-Regular.ttf in Resources */,
				250689D3059042C29D04A0A3 /* Poppins-SemiBold.ttf in Resources */,
				BDEF64E233D84BA49AC0D6E8 /* Poppins-SemiBoldItalic.ttf in Resources */,
				5272B655F5904819A4F7E0D3 /* Poppins-Thin.ttf in Resources */,
				2622ABA2624943168879F62C /* Poppins-ThinItalic.ttf in Resources */,
				D72491F4FEC8440389A8630D /* SF-Pro-Text-Bold.otf in Resources */,
				56D2DDB460224375899247DD /* SF-Pro-Text-Heavy.otf in Resources */,
				BD2057DEA0C143F680FBFDF1 /* SF-Pro-Text-Light.otf in Resources */,
				5BCB655AC0824935937DC7C3 /* SF-Pro-Text-Medium.otf in Resources */,
				B99CDF24B1CF436F84BC80ED /* SF-Pro-Text-Regular.otf in Resources */,
				F2934EBE7045498A89A39DEF /* SF-Pro-Text-Semibold.otf in Resources */,
				941CC49C01CF40DFBE9782DB /* SFProDisplay-Black_1.ttf in Resources */,
				92A53A2F14724F9CA4AE79B2 /* SFProDisplay-Bold_1.ttf in Resources */,
				B482AEA555E04083B063EEBE /* SFProDisplay-Heavy_1.ttf in Resources */,
				D0FCFF6D973D4F05BCA6FFD1 /* SFProDisplay-Light_1.ttf in Resources */,
				5850E5A661434259AA6BC4A5 /* SFProDisplay-Medium_1.ttf in Resources */,
				C531780F71E24209958503B9 /* SFProDisplay-Regular_1.ttf in Resources */,
				D5218F53D9424043963B4843 /* SFProDisplay-Semibold_3.ttf in Resources */,
				DD5BBF0711CB4E3887BFA55B /* SFProDisplay-Thin_1.ttf in Resources */,
				DC4C8A166B044F3BA10E7215 /* SFProDisplay-Ultralight_1.ttf in Resources */,
				F410AD74211040C0A200377A /* SourceSansPro-Black.ttf in Resources */,
				471A601F0BC64130B2625C5B /* SourceSansPro-BlackItalic.ttf in Resources */,
				4F6D95A49ADC4A83B6D19797 /* SourceSansPro-Bold.ttf in Resources */,
				40D5189C0AF24C199693DA18 /* SourceSansPro-BoldItalic.ttf in Resources */,
				6C07C9E975894E659DB78A93 /* SourceSansPro-ExtraLight.ttf in Resources */,
				BAC4E248E10F4EAEBC32785D /* SourceSansPro-ExtraLightItalic.ttf in Resources */,
				994B1CF55BC445B1AE8F542B /* SourceSansPro-Italic.ttf in Resources */,
				1337B84C12244D05B94E2936 /* SourceSansPro-Light.ttf in Resources */,
				6FC6DEACD9714AD792175DCA /* SourceSansPro-LightItalic.ttf in Resources */,
				33E830D128E644ED9E353BCB /* SourceSansPro-Regular.ttf in Resources */,
				04E854F20646422E8DF354F3 /* SourceSansPro-SemiBold.ttf in Resources */,
				C115BBCD431F468F8E5F4125 /* SourceSansPro-SemiBoldItalic.ttf in Resources */,
			);
			runOnlyForDeploymentPostprocessing = 0;
		};
/* End PBXResourcesBuildPhase section */

/* Begin PBXShellScriptBuildPhase section */
		00DD1BFF1BD5951E006B06BC /* Bundle React Native code and images */ = {
			isa = PBXShellScriptBuildPhase;
			buildActionMask = 2147483647;
			files = (
			);
			inputPaths = (
			);
			name = "Bundle React Native code and images";
			outputPaths = (
			);
			runOnlyForDeploymentPostprocessing = 0;
			shellPath = /bin/sh;
			shellScript = "set -e\n\nexport NODE_BINARY=node\n../node_modules/react-native/scripts/react-native-xcode.sh\n";
		};
		FD10A7F022414F080027D42C /* Start Packager */ = {
			isa = PBXShellScriptBuildPhase;
			buildActionMask = 2147483647;
			files = (
			);
			inputFileListPaths = (
			);
			inputPaths = (
			);
			name = "Start Packager";
			outputFileListPaths = (
			);
			outputPaths = (
			);
			runOnlyForDeploymentPostprocessing = 0;
			shellPath = /bin/sh;
			shellScript = "export RCT_METRO_PORT=\"${RCT_METRO_PORT:=8081}\"\necho \"export RCT_METRO_PORT=${RCT_METRO_PORT}\" > \"${SRCROOT}/../node_modules/react-native/scripts/.packager.env\"\nif [ -z \"${RCT_NO_LAUNCH_PACKAGER+xxx}\" ] ; then\n  if nc -w 5 -z localhost ${RCT_METRO_PORT} ; then\n    if ! curl -s \"http://localhost:${RCT_METRO_PORT}/status\" | grep -q \"packager-status:running\" ; then\n      echo \"Port ${RCT_METRO_PORT} already in use, packager is either not running or not running correctly\"\n      exit 2\n    fi\n  else\n    open \"$SRCROOT/../node_modules/react-native/scripts/launchPackager.command\" || echo \"Can't start packager automatically\"\n  fi\nfi\n";
			showEnvVarsInLog = 0;
		};
/* End PBXShellScriptBuildPhase section */

/* Begin PBXSourcesBuildPhase section */
		00E356EA1AD99517003FC87E /* Sources */ = {
			isa = PBXSourcesBuildPhase;
			buildActionMask = 2147483647;
			files = (
				00E356F31AD99517003FC87E /* AirBlinkTaskTests.m in Sources */,
			);
			runOnlyForDeploymentPostprocessing = 0;
		};
		13B07F871A680F5B00A75B9A /* Sources */ = {
			isa = PBXSourcesBuildPhase;
			buildActionMask = 2147483647;
			files = (
				13B07FBC1A68108700A75B9A /* AppDelegate.m in Sources */,
				13B07FC11A68108700A75B9A /* main.m in Sources */,
			);
			runOnlyForDeploymentPostprocessing = 0;
		};
/* End PBXSourcesBuildPhase section */

/* Begin PBXTargetDependency section */
		00E356F51AD99517003FC87E /* PBXTargetDependency */ = {
			isa = PBXTargetDependency;
			target = 13B07F861A680F5B00A75B9A /* AirBlinkTask */;
			targetProxy = 00E356F41AD99517003FC87E /* PBXContainerItemProxy */;
		};
/* End PBXTargetDependency section */

/* Begin XCBuildConfiguration section */
		00E356F61AD99517003FC87E /* Debug */ = {
			isa = XCBuildConfiguration;
			buildSettings = {
				BUNDLE_LOADER = "$(TEST_HOST)";
				GCC_PREPROCESSOR_DEFINITIONS = (
					"DEBUG=1",
					"$(inherited)",
				);
				INFOPLIST_FILE = AirBlinkTaskTests/Info.plist;
				IPHONEOS_DEPLOYMENT_TARGET = 11.0;
				LD_RUNPATH_SEARCH_PATHS = (
					"$(inherited)",
					"@executable_path/Frameworks",
					"@loader_path/Frameworks",
				);
				OTHER_LDFLAGS = (
					"-ObjC",
					"-lc++",
					"$(inherited)",
				);
				PRODUCT_BUNDLE_IDENTIFIER = "org.reactjs.native.example.$(PRODUCT_NAME:rfc1034identifier)";
				PRODUCT_NAME = "$(TARGET_NAME)";
				TEST_HOST = "$(BUILT_PRODUCTS_DIR)/AirBlinkTask.app/AirBlinkTask";
			};
			name = Debug;
		};
		00E356F71AD99517003FC87E /* Release */ = {
			isa = XCBuildConfiguration;
			buildSettings = {
				BUNDLE_LOADER = "$(TEST_HOST)";
				COPY_PHASE_STRIP = NO;
				INFOPLIST_FILE = AirBlinkTaskTests/Info.plist;
				IPHONEOS_DEPLOYMENT_TARGET = 11.0;
				LD_RUNPATH_SEARCH_PATHS = (
					"$(inherited)",
					"@executable_path/Frameworks",
					"@loader_path/Frameworks",
				);
				OTHER_LDFLAGS = (
					"-ObjC",
					"-lc++",
					"$(inherited)",
				);
				PRODUCT_BUNDLE_IDENTIFIER = "org.reactjs.native.example.$(PRODUCT_NAME:rfc1034identifier)";
				PRODUCT_NAME = "$(TARGET_NAME)";
				TEST_HOST = "$(BUILT_PRODUCTS_DIR)/AirBlinkTask.app/AirBlinkTask";
			};
			name = Release;
		};
		13B07F941A680F5B00A75B9A /* Debug */ = {
			isa = XCBuildConfiguration;
			buildSettings = {
				ASSETCATALOG_COMPILER_APPICON_NAME = AppIcon;
				CLANG_ENABLE_MODULES = YES;
				CURRENT_PROJECT_VERSION = 1;
				ENABLE_BITCODE = NO;
				INFOPLIST_FILE = AirBlinkTask/Info.plist;
				LD_RUNPATH_SEARCH_PATHS = (
					"$(inherited)",
					"@executable_path/Frameworks",
				);
				OTHER_LDFLAGS = (
					"$(inherited)",
					"-ObjC",
					"-lc++",
				);
				PRODUCT_BUNDLE_IDENTIFIER = "org.reactjs.native.example.$(PRODUCT_NAME:rfc1034identifier)";
				PRODUCT_NAME = AirBlinkTask;
				SWIFT_OPTIMIZATION_LEVEL = "-Onone";
				SWIFT_VERSION = 5.0;
				VERSIONING_SYSTEM = "apple-generic";
			};
			name = Debug;
		};
		13B07F951A680F5B00A75B9A /* Release */ = {
			isa = XCBuildConfiguration;
			buildSettings = {
				ASSETCATALOG_COMPILER_APPICON_NAME = AppIcon;
				CLANG_ENABLE_MODULES = YES;
				CURRENT_PROJECT_VERSION = 1;
				INFOPLIST_FILE = AirBlinkTask/Info.plist;
				LD_RUNPATH_SEARCH_PATHS = (
					"$(inherited)",
					"@executable_path/Frameworks",
				);
				OTHER_LDFLAGS = (
					"$(inherited)",
					"-ObjC",
					"-lc++",
				);
				PRODUCT_BUNDLE_IDENTIFIER = "org.reactjs.native.example.$(PRODUCT_NAME:rfc1034identifier)";
				PRODUCT_NAME = AirBlinkTask;
				SWIFT_VERSION = 5.0;
				VERSIONING_SYSTEM = "apple-generic";
			};
			name = Release;
		};
		83CBBA201A601CBA00E9B192 /* Debug */ = {
			isa = XCBuildConfiguration;
			buildSettings = {
				ALWAYS_SEARCH_USER_PATHS = NO;
				CLANG_ANALYZER_LOCALIZABILITY_NONLOCALIZED = YES;
				CLANG_CXX_LANGUAGE_STANDARD = "gnu++0x";
				CLANG_CXX_LIBRARY = "libc++";
				CLANG_ENABLE_MODULES = YES;
				CLANG_ENABLE_OBJC_ARC = YES;
				CLANG_WARN_BLOCK_CAPTURE_AUTORELEASING = YES;
				CLANG_WARN_BOOL_CONVERSION = YES;
				CLANG_WARN_COMMA = YES;
				CLANG_WARN_CONSTANT_CONVERSION = YES;
				CLANG_WARN_DEPRECATED_OBJC_IMPLEMENTATIONS = YES;
				CLANG_WARN_DIRECT_OBJC_ISA_USAGE = YES_ERROR;
				CLANG_WARN_EMPTY_BODY = YES;
				CLANG_WARN_ENUM_CONVERSION = YES;
				CLANG_WARN_INFINITE_RECURSION = YES;
				CLANG_WARN_INT_CONVERSION = YES;
				CLANG_WARN_NON_LITERAL_NULL_CONVERSION = YES;
				CLANG_WARN_OBJC_IMPLICIT_RETAIN_SELF = YES;
				CLANG_WARN_OBJC_LITERAL_CONVERSION = YES;
				CLANG_WARN_OBJC_ROOT_CLASS = YES_ERROR;
				CLANG_WARN_QUOTED_INCLUDE_IN_FRAMEWORK_HEADER = YES;
				CLANG_WARN_RANGE_LOOP_ANALYSIS = YES;
				CLANG_WARN_STRICT_PROTOTYPES = YES;
				CLANG_WARN_SUSPICIOUS_MOVE = YES;
				CLANG_WARN_UNREACHABLE_CODE = YES;
				CLANG_WARN__DUPLICATE_METHOD_MATCH = YES;
				"CODE_SIGN_IDENTITY[sdk=iphoneos*]" = "iPhone Developer";
				COPY_PHASE_STRIP = NO;
				ENABLE_STRICT_OBJC_MSGSEND = YES;
				ENABLE_TESTABILITY = YES;
				GCC_C_LANGUAGE_STANDARD = gnu99;
				GCC_DYNAMIC_NO_PIC = NO;
				GCC_NO_COMMON_BLOCKS = YES;
				GCC_OPTIMIZATION_LEVEL = 0;
				GCC_PREPROCESSOR_DEFINITIONS = (
					"DEBUG=1",
					"$(inherited)",
				);
				GCC_SYMBOLS_PRIVATE_EXTERN = NO;
				GCC_WARN_64_TO_32_BIT_CONVERSION = YES;
				GCC_WARN_ABOUT_RETURN_TYPE = YES_ERROR;
				GCC_WARN_UNDECLARED_SELECTOR = YES;
				GCC_WARN_UNINITIALIZED_AUTOS = YES_AGGRESSIVE;
				GCC_WARN_UNUSED_FUNCTION = YES;
				GCC_WARN_UNUSED_VARIABLE = YES;
				IPHONEOS_DEPLOYMENT_TARGET = 11.0;
				LD_RUNPATH_SEARCH_PATHS = (
					/usr/lib/swift,
					"$(inherited)",
				);
				LIBRARY_SEARCH_PATHS = (
					"\"$(SDKROOT)/usr/lib/swift\"",
					"\"$(TOOLCHAIN_DIR)/usr/lib/swift/$(PLATFORM_NAME)\"",
					"\"$(TOOLCHAIN_DIR)/usr/lib/swift-5.0/$(PLATFORM_NAME)\"",
					"\"$(inherited)\"",
				);
				MTL_ENABLE_DEBUG_INFO = YES;
				ONLY_ACTIVE_ARCH = YES;
				SDKROOT = iphoneos;
			};
			name = Debug;
		};
		83CBBA211A601CBA00E9B192 /* Release */ = {
			isa = XCBuildConfiguration;
			buildSettings = {
				ALWAYS_SEARCH_USER_PATHS = NO;
				CLANG_ANALYZER_LOCALIZABILITY_NONLOCALIZED = YES;
				CLANG_CXX_LANGUAGE_STANDARD = "gnu++0x";
				CLANG_CXX_LIBRARY = "libc++";
				CLANG_ENABLE_MODULES = YES;
				CLANG_ENABLE_OBJC_ARC = YES;
				CLANG_WARN_BLOCK_CAPTURE_AUTORELEASING = YES;
				CLANG_WARN_BOOL_CONVERSION = YES;
				CLANG_WARN_COMMA = YES;
				CLANG_WARN_CONSTANT_CONVERSION = YES;
				CLANG_WARN_DEPRECATED_OBJC_IMPLEMENTATIONS = YES;
				CLANG_WARN_DIRECT_OBJC_ISA_USAGE = YES_ERROR;
				CLANG_WARN_EMPTY_BODY = YES;
				CLANG_WARN_ENUM_CONVERSION = YES;
				CLANG_WARN_INFINITE_RECURSION = YES;
				CLANG_WARN_INT_CONVERSION = YES;
				CLANG_WARN_NON_LITERAL_NULL_CONVERSION = YES;
				CLANG_WARN_OBJC_IMPLICIT_RETAIN_SELF = YES;
				CLANG_WARN_OBJC_LITERAL_CONVERSION = YES;
				CLANG_WARN_OBJC_ROOT_CLASS = YES_ERROR;
				CLANG_WARN_QUOTED_INCLUDE_IN_FRAMEWORK_HEADER = YES;
				CLANG_WARN_RANGE_LOOP_ANALYSIS = YES;
				CLANG_WARN_STRICT_PROTOTYPES = YES;
				CLANG_WARN_SUSPICIOUS_MOVE = YES;
				CLANG_WARN_UNREACHABLE_CODE = YES;
				CLANG_WARN__DUPLICATE_METHOD_MATCH = YES;
				"CODE_SIGN_IDENTITY[sdk=iphoneos*]" = "iPhone Developer";
				COPY_PHASE_STRIP = YES;
				ENABLE_NS_ASSERTIONS = NO;
				ENABLE_STRICT_OBJC_MSGSEND = YES;
				GCC_C_LANGUAGE_STANDARD = gnu99;
				GCC_NO_COMMON_BLOCKS = YES;
				GCC_WARN_64_TO_32_BIT_CONVERSION = YES;
				GCC_WARN_ABOUT_RETURN_TYPE = YES_ERROR;
				GCC_WARN_UNDECLARED_SELECTOR = YES;
				GCC_WARN_UNINITIALIZED_AUTOS = YES_AGGRESSIVE;
				GCC_WARN_UNUSED_FUNCTION = YES;
				GCC_WARN_UNUSED_VARIABLE = YES;
				IPHONEOS_DEPLOYMENT_TARGET = 11.0;
				LD_RUNPATH_SEARCH_PATHS = (
					/usr/lib/swift,
					"$(inherited)",
				);
				LIBRARY_SEARCH_PATHS = (
					"\"$(SDKROOT)/usr/lib/swift\"",
					"\"$(TOOLCHAIN_DIR)/usr/lib/swift/$(PLATFORM_NAME)\"",
					"\"$(TOOLCHAIN_DIR)/usr/lib/swift-5.0/$(PLATFORM_NAME)\"",
					"\"$(inherited)\"",
				);
				MTL_ENABLE_DEBUG_INFO = NO;
				SDKROOT = iphoneos;
				VALIDATE_PRODUCT = YES;
			};
			name = Release;
		};
/* End XCBuildConfiguration section */

/* Begin XCConfigurationList section */
		00E357021AD99517003FC87E /* Build configuration list for PBXNativeTarget "AirBlinkTaskTests" */ = {
			isa = XCConfigurationList;
			buildConfigurations = (
				00E356F61AD99517003FC87E /* Debug */,
				00E356F71AD99517003FC87E /* Release */,
			);
			defaultConfigurationIsVisible = 0;
			defaultConfigurationName = Release;
		};
		13B07F931A680F5B00A75B9A /* Build configuration list for PBXNativeTarget "AirBlinkTask" */ = {
			isa = XCConfigurationList;
			buildConfigurations = (
				13B07F941A680F5B00A75B9A /* Debug */,
				13B07F951A680F5B00A75B9A /* Release */,
			);
			defaultConfigurationIsVisible = 0;
			defaultConfigurationName = Release;
		};
		83CBB9FA1A601CBA00E9B192 /* Build configuration list for PBXProject "AirBlinkTask" */ = {
			isa = XCConfigurationList;
			buildConfigurations = (
				83CBBA201A601CBA00E9B192 /* Debug */,
				83CBBA211A601CBA00E9B192 /* Release */,
			);
			defaultConfigurationIsVisible = 0;
			defaultConfigurationName = Release;
		};
/* End XCConfigurationList section */
	};
	rootObject = 83CBB9F71A601CBA00E9B192 /* Project object */;
}
